
Microsoft Visual Studio Solution File, Format Version 12.00
# Visual Studio Version 17
VisualStudioVersion = 17.8.34408.163
MinimumVisualStudioVersion = 10.0.40219.1
Project("{9A19103F-16F7-4668-BE54-9A1E7A4F7556}") = "Hackaton.API", "Hackaton.API\Hackaton.API.csproj", "{0C9C0E9B-CEA8-4FEC-89E2-256BA63A2DC2}"
EndProject
Project("{FAE04EC0-301F-11D3-BF4B-00C04F79EFBC}") = "Shared", "SqlDatabase\Shared.csproj", "{F6C5EC4B-B5C1-4009-8DD2-A52E09E7F3A8}"
EndProject
Project("{FAE04EC0-301F-11D3-BF4B-00C04F79EFBC}") = "SqlDatabase", "Shared\SqlDatabase.csproj", "{600DF59E-4B1D-45C0-8918-34598C1F0B65}"
EndProject
Global
	GlobalSection(SolutionConfigurationPlatforms) = preSolution
		Debug|Any CPU = Debug|Any CPU
		Release|Any CPU = Release|Any CPU
	EndGlobalSection
	GlobalSection(ProjectConfigurationPlatforms) = postSolution
		{0C9C0E9B-CEA8-4FEC-89E2-256BA63A2DC2}.Debug|Any CPU.ActiveCfg = Debug|Any CPU
		{0C9C0E9B-CEA8-4FEC-89E2-256BA63A2DC2}.Debug|Any CPU.Build.0 = Debug|Any CPU
		{0C9C0E9B-CEA8-4FEC-89E2-256BA63A2DC2}.Release|Any CPU.ActiveCfg = Release|Any CPU
		{0C9C0E9B-CEA8-4FEC-89E2-256BA63A2DC2}.Release|Any CPU.Build.0 = Release|Any CPU
		{F6C5EC4B-B5C1-4009-8DD2-A52E09E7F3A8}.Debug|Any CPU.ActiveCfg = Debug|Any CPU
		{F6C5EC4B-B5C1-4009-8DD2-A52E09E7F3A8}.Debug|Any CPU.Build.0 = Debug|Any CPU
		{F6C5EC4B-B5C1-4009-8DD2-A52E09E7F3A8}.Release|Any CPU.ActiveCfg = Release|Any CPU
		{F6C5EC4B-B5C1-4009-8DD2-A52E09E7F3A8}.Release|Any CPU.Build.0 = Release|Any CPU
		{600DF59E-4B1D-45C0-8918-34598C1F0B65}.Debug|Any CPU.ActiveCfg = Debug|Any CPU
		{600DF59E-4B1D-45C0-8918-34598C1F0B65}.Debug|Any CPU.Build.0 = Debug|Any CPU
		{600DF59E-4B1D-45C0-8918-34598C1F0B65}.Release|Any CPU.ActiveCfg = Release|Any CPU
		{600DF59E-4B1D-45C0-8918-34598C1F0B65}.Release|Any CPU.Build.0 = Release|Any CPU
	EndGlobalSection
	GlobalSection(SolutionProperties) = preSolution
		HideSolutionNode = FALSE
	EndGlobalSection
	GlobalSection(ExtensibilityGlobals) = postSolution
		SolutionGuid = {7DBBE46C-3CD6-414A-AA67-4EB7614B0DF8}
	EndGlobalSection
EndGlobal
